
Microsoft Visual Studio Solution File, Format Version 12.00
# Visual Studio Version 16
VisualStudioVersion = 16.0.30611.23
MinimumVisualStudioVersion = 10.0.40219.1
Project("{FAE04EC0-301F-11D3-BF4B-00C04F79EFBC}") = "Proyecto", "Proyecto\Proyecto.csproj", "{A5236382-CB3D-4474-8015-76B70C579D96}"
EndProject
Global
	GlobalSection(SolutionConfigurationPlatforms) = preSolution
		Debug|Any CPU = Debug|Any CPU
		Release|Any CPU = Release|Any CPU
	EndGlobalSection
	GlobalSection(ProjectConfigurationPlatforms) = postSolution
		{A5236382-CB3D-4474-8015-76B70C579D96}.Debug|Any CPU.ActiveCfg = Debug|Any CPU
		{A5236382-CB3D-4474-8015-76B70C579D96}.Debug|Any CPU.Build.0 = Debug|Any CPU
		{A5236382-CB3D-4474-8015-76B70C579D96}.Release|Any CPU.ActiveCfg = Release|Any CPU
		{A5236382-CB3D-4474-8015-76B70C579D96}.Release|Any CPU.Build.0 = Release|Any CPU
	EndGlobalSection
	GlobalSection(SolutionProperties) = preSolution
		HideSolutionNode = FALSE
	EndGlobalSection
	GlobalSection(ExtensibilityGlobals) = postSolution
		SolutionGuid = {30AA9AC2-52E3-4F78-989F-D68C2D91AC35}
	EndGlobalSection
EndGlobal
